{
  "lockfile_version": "1",
  "packages": {
    "github:NixOS/nixpkgs/nixpkgs-unstable": {
      "last_modified": "2026-04-27T06:11:55Z",
      "resolved": "github:NixOS/nixpkgs/6368eda62c9775c38ef7f714b2555a741c20c72d?lastModified=1777270315&narHash=sha256-yKB4G6cKsQsWN7M6rZGk6gkJPDNPIzT05y4qzRyCDlI%3D"
    },
    "go@latest": {
      "last_modified": "2026-04-23T13:07:47Z",
      "resolved": "github:NixOS/nixpkgs/01fbdeef22b76df85ea168fbfe1bfd9e63681b30#go",
      "source": "devbox-search",
      "version": "1.26.2",
      "systems": {
        "aarch64-darwin": {
          "outputs": [
            {
              "name": "out",
              "path": "/nix/store/fkzywh7rg8lg1n2p0r161iqjwhz540wx-go-1.26.2",
              "default": true
            }
          ],
          "store_path": "/nix/store/fkzywh7rg8lg1n2p0r161iqjwhz540wx-go-1.26.2"
        },
        "aarch64-linux": {
          "outputs": [
            {
              "name": "out",
              "path": "/nix/store/w4i7p78y3735jcy69sk4lcy9zyxr0cav-go-1.26.2",
              "default": true
            }
          ],
          "store_path": "/nix/store/w4i7p78y3735jcy69sk4lcy9zyxr0cav-go-1.26.2"
        },
        "x86_64-darwin": {
          "outputs": [
            {
              "name": "out",
              "path": "/nix/store/g0b45l45nlb1kqiywzja7fh49yn7lla5-go-1.26.2",
              "default": true
            }
          ],
          "store_path": "/nix/store/g0b45l45nlb1kqiywzja7fh49yn7lla5-go-1.26.2"
        },
        "x86_64-linux": {
          "outputs": [
            {
              "name": "out",
              "path": "/nix/store/dimnagks1qsp7180yw74z0npp7z2ihs3-go-1.26.2",
              "default": true
            }
          ],
          "store_path": "/nix/store/dimnagks1qsp7180yw74z0npp7z2ihs3-go-1.26.2"
        }
      }
    },
    "goreman@latest": {
      "last_modified": "2026-04-23T13:07:47Z",
      "resolved": "github:NixOS/nixpkgs/01fbdeef22b76df85ea168fbfe1bfd9e63681b30#goreman",
      "source": "devbox-search",
      "version": "0.3.16",
      "systems": {
        "aarch64-darwin": {
          "outputs": [
            {
              "name": "out",
              "path": "/nix/store/nmbnpaggmf5llnsj8vxhw9q5z0b6fzjl-goreman-0.3.16",
              "default": true
            }
          ],
          "store_path": "/nix/store/nmbnpaggmf5llnsj8vxhw9q5z0b6fzjl-goreman-0.3.16"
        },
        "aarch64-linux": {
          "outputs": [
            {
              "name": "out",
              "path": "/nix/store/im8v9k4rvd015xrmi2spqycy33ym1l70-goreman-0.3.16",
              "default": true
            }
          ],
          "store_path": "/nix/store/im8v9k4rvd015xrmi2spqycy33ym1l70-goreman-0.3.16"
        },
        "x86_64-darwin": {
          "outputs": [
            {
              "name": "out",
              "path": "/nix/store/pdp49zwkv5fiagw0zp13rg62mkcfgc16-goreman-0.3.16",
              "default": true
            }
          ],
          "store_path": "/nix/store/pdp49zwkv5fiagw0zp13rg62mkcfgc16-goreman-0.3.16"
        },
        "x86_64-linux": {
          "outputs": [
            {
              "name": "out",
              "path": "/nix/store/gp0ghddi5k5i99rzbaksn5cyhgfg563v-goreman-0.3.16",
              "default": true
            }
          ],
          "store_path": "/nix/store/gp0ghddi5k5i99rzbaksn5cyhgfg563v-goreman-0.3.16"
        }
      }
    },
    "just@latest": {
      "last_modified": "2026-04-23T13:07:47Z",
      "resolved": "github:NixOS/nixpkgs/01fbdeef22b76df85ea168fbfe1bfd9e63681b30#just",
      "source": "devbox-search",
      "version": "1.50.0",
      "systems": {
        "aarch64-darwin": {
          "outputs": [
            {
              "name": "out",
              "path": "/nix/store/qxqsxk2614qpcb7l32svpjmmb1sm7ya1-just-1.50.0",
              "default": true
            },
            {
              "name": "man",
              "path": "/nix/store/daf30m3si50cl7xga42g0cqgdwaxj6ys-just-1.50.0-man",
              "default": true
            },
            {
              "name": "doc",
              "path": "/nix/store/9n71gassrpdy0nz4gfcrwvmkb4rwyd3g-just-1.50.0-doc"
            }
          ],
          "store_path": "/nix/store/qxqsxk2614qpcb7l32svpjmmb1sm7ya1-just-1.50.0"
        },
        "aarch64-linux": {
          "outputs": [
            {
              "name": "out",
              "path": "/nix/store/ayqw7hgkjs9b0f7v1qh96k316i9jpdw8-just-1.50.0",
              "default": true
            },
            {
              "name": "man",
              "path": "/nix/store/59z0bx178i7c3vwmhawgajgpfmv43h5c-just-1.50.0-man",
              "default": true
            },
            {
              "name": "doc",
              "path": "/nix/store/gg298zgvg5vmvzk0lmn9zq7j6kkab3qs-just-1.50.0-doc"
            }
          ],
          "store_path": "/nix/store/ayqw7hgkjs9b0f7v1qh96k316i9jpdw8-just-1.50.0"
        },
        "x86_64-darwin": {
          "outputs": [
            {
              "name": "out",
              "path": "/nix/store/bmsgb4l7ldxj2zggcalfidzhkrgp03xq-just-1.50.0",
              "default": true
            },
            {
              "name": "man",
              "path": "/nix/store/0pvkn1lzh85sav0cj3v36kpigxwypdhb-just-1.50.0-man",
              "default": true
            },
            {
              "name": "doc",
              "path": "/nix/store/9d2i12jkmsyqw7bkcw3a9d0xki313xrp-just-1.50.0-doc"
            }
          ],
          "store_path": "/nix/store/bmsgb4l7ldxj2zggcalfidzhkrgp03xq-just-1.50.0"
        },
        "x86_64-linux": {
          "outputs": [
            {
              "name": "out",
              "path": "/nix/store/vr4agmy8jw7f8kqynpizagdaqxy0ayw4-just-1.50.0",
              "default": true
            },
            {
              "name": "man",
              "path": "/nix/store/6mrjsdff8skgnnn0ngyim2i7wabk0c8x-just-1.50.0-man",
              "default": true
            },
            {
              "name": "doc",
              "path": "/nix/store/nk0p7b0n1fqg0sa2vasgavrhgi7xy9rz-just-1.50.0-doc"
            }
          ],
          "store_path": "/nix/store/vr4agmy8jw7f8kqynpizagdaqxy0ayw4-just-1.50.0"
        }
      }
    },
    "pnpm@latest": {
      "last_modified": "2026-04-27T06:11:55Z",
      "resolved": "github:NixOS/nixpkgs/6368eda62c9775c38ef7f714b2555a741c20c72d#pnpm",
      "source": "devbox-search",
      "version": "10.33.2",
      "systems": {
        "aarch64-darwin": {
          "outputs": [
            {
              "name": "out",
              "path": "/nix/store/x3hcc83jr8myi9p2r5prgpmxx50wd1cr-pnpm-10.33.2",
              "default": true
            }
          ],
          "store_path": "/nix/store/x3hcc83jr8myi9p2r5prgpmxx50wd1cr-pnpm-10.33.2"
        },
        "aarch64-linux": {
          "outputs": [
            {
              "name": "out",
              "path": "/nix/store/6xd3l0crxpda9l171r9736s085dsn2ys-pnpm-10.33.2",
              "default": true
            }
          ],
          "store_path": "/nix/store/6xd3l0crxpda9l171r9736s085dsn2ys-pnpm-10.33.2"
        },
        "x86_64-darwin": {
          "outputs": [
            {
              "name": "out",
              "path": "/nix/store/yqffj1df34s1vnpibisf278k9fv03x3j-pnpm-10.33.2",
              "default": true
            }
          ],
          "store_path": "/nix/store/yqffj1df34s1vnpibisf278k9fv03x3j-pnpm-10.33.2"
        },
        "x86_64-linux": {
          "outputs": [
            {
              "name": "out",
              "path": "/nix/store/4yfpaak9jcmls1hzybqxb1yh8wipr4id-pnpm-10.33.2",
              "default": true
            }
          ],
          "store_path": "/nix/store/4yfpaak9jcmls1hzybqxb1yh8wipr4id-pnpm-10.33.2"
        }
      }
    }
  }
}
